
Microsoft Visual Studio Solution File, Format Version 12.00
# Visual Studio Version 16
VisualStudioVersion = 16.0.30104.148
MinimumVisualStudioVersion = 10.0.40219.1
Project("{9A19103F-16F7-4668-BE54-9A1E7A4F7556}") = "01.Train", "01.Train\01.Train.csproj", "{8349BA7F-0218-4B97-8EC2-20AAF2D9F43A}"
EndProject
Project("{9A19103F-16F7-4668-BE54-9A1E7A4F7556}") = "02.ChangeList", "02.ChangeList\02.ChangeList.csproj", "{866AB433-FCA6-4A97-BE62-AE2EF8CE1A24}"
EndProject
Project("{9A19103F-16F7-4668-BE54-9A1E7A4F7556}") = "03.HouseParty", "03.HouseParty\03.HouseParty.csproj", "{6FFA8BE9-5D3C-45B1-B988-3518F8398237}"
EndProject
Project("{9A19103F-16F7-4668-BE54-9A1E7A4F7556}") = "04.ListOperations", "04.ListOperations\04.ListOperations.csproj", "{6394AA61-7579-4A96-BDC0-61D9B3CD445C}"
EndProject
Project("{FAE04EC0-301F-11D3-BF4B-00C04F79EFBC}") = "05.BombNumbers", "05.BombNumbers\05.BombNumbers.csproj", "{21BF2736-3B35-434E-9632-8D99BC0FC7AB}"
EndProject
Project("{FAE04EC0-301F-11D3-BF4B-00C04F79EFBC}") = "08.AnonymosThreat", "08.AnonymosThreat\08.AnonymosThreat.csproj", "{0342C2D0-F04B-4F24-9FCA-F7D84008D446}"
EndProject
Project("{FAE04EC0-301F-11D3-BF4B-00C04F79EFBC}") = "00.DemoAllDigitsGreaterThanGivenDigit", "00.DemoAllDigitsGreaterThanGivenDigit\00.DemoAllDigitsGreaterThanGivenDigit.csproj", "{67EF42A6-E9A9-4EE7-8839-74954DDF827F}"
EndProject
Project("{FAE04EC0-301F-11D3-BF4B-00C04F79EFBC}") = "06.CardsGame", "06.CardsGame\06.CardsGame.csproj", "{5D5B4150-9D65-4439-982B-A35A6CA47FE2}"
EndProject
Project("{FAE04EC0-301F-11D3-BF4B-00C04F79EFBC}") = "07.AppendArrays", "07.AppendArrays\07.AppendArrays.csproj", "{5F358751-494E-43A4-A705-F5F94464F4E9}"
EndProject
Global
	GlobalSection(SolutionConfigurationPlatforms) = preSolution
		Debug|Any CPU = Debug|Any CPU
		Release|Any CPU = Release|Any CPU
	EndGlobalSection
	GlobalSection(ProjectConfigurationPlatforms) = postSolution
		{8349BA7F-0218-4B97-8EC2-20AAF2D9F43A}.Debug|Any CPU.ActiveCfg = Debug|Any CPU
		{8349BA7F-0218-4B97-8EC2-20AAF2D9F43A}.Debug|Any CPU.Build.0 = Debug|Any CPU
		{8349BA7F-0218-4B97-8EC2-20AAF2D9F43A}.Release|Any CPU.ActiveCfg = Release|Any CPU
		{8349BA7F-0218-4B97-8EC2-20AAF2D9F43A}.Release|Any CPU.Build.0 = Release|Any CPU
		{866AB433-FCA6-4A97-BE62-AE2EF8CE1A24}.Debug|Any CPU.ActiveCfg = Debug|Any CPU
		{866AB433-FCA6-4A97-BE62-AE2EF8CE1A24}.Debug|Any CPU.Build.0 = Debug|Any CPU
		{866AB433-FCA6-4A97-BE62-AE2EF8CE1A24}.Release|Any CPU.ActiveCfg = Release|Any CPU
		{866AB433-FCA6-4A97-BE62-AE2EF8CE1A24}.Release|Any CPU.Build.0 = Release|Any CPU
		{6FFA8BE9-5D3C-45B1-B988-3518F8398237}.Debug|Any CPU.ActiveCfg = Debug|Any CPU
		{6FFA8BE9-5D3C-45B1-B988-3518F8398237}.Debug|Any CPU.Build.0 = Debug|Any CPU
		{6FFA8BE9-5D3C-45B1-B988-3518F8398237}.Release|Any CPU.ActiveCfg = Release|Any CPU
		{6FFA8BE9-5D3C-45B1-B988-3518F8398237}.Release|Any CPU.Build.0 = Release|Any CPU
		{6394AA61-7579-4A96-BDC0-61D9B3CD445C}.Debug|Any CPU.ActiveCfg = Debug|Any CPU
		{6394AA61-7579-4A96-BDC0-61D9B3CD445C}.Debug|Any CPU.Build.0 = Debug|Any CPU
		{6394AA61-7579-4A96-BDC0-61D9B3CD445C}.Release|Any CPU.ActiveCfg = Release|Any CPU
		{6394AA61-7579-4A96-BDC0-61D9B3CD445C}.Release|Any CPU.Build.0 = Release|Any CPU
		{21BF2736-3B35-434E-9632-8D99BC0FC7AB}.Debug|Any CPU.ActiveCfg = Debug|Any CPU
		{21BF2736-3B35-434E-9632-8D99BC0FC7AB}.Debug|Any CPU.Build.0 = Debug|Any CPU
		{21BF2736-3B35-434E-9632-8D99BC0FC7AB}.Release|Any CPU.ActiveCfg = Release|Any CPU
		{21BF2736-3B35-434E-9632-8D99BC0FC7AB}.Release|Any CPU.Build.0 = Release|Any CPU
		{0342C2D0-F04B-4F24-9FCA-F7D84008D446}.Debug|Any CPU.ActiveCfg = Debug|Any CPU
		{0342C2D0-F04B-4F24-9FCA-F7D84008D446}.Debug|Any CPU.Build.0 = Debug|Any CPU
		{0342C2D0-F04B-4F24-9FCA-F7D84008D446}.Release|Any CPU.ActiveCfg = Release|Any CPU
		{0342C2D0-F04B-4F24-9FCA-F7D84008D446}.Release|Any CPU.Build.0 = Release|Any CPU
		{67EF42A6-E9A9-4EE7-8839-74954DDF827F}.Debug|Any CPU.ActiveCfg = Debug|Any CPU
		{67EF42A6-E9A9-4EE7-8839-74954DDF827F}.Debug|Any CPU.Build.0 = Debug|Any CPU
		{67EF42A6-E9A9-4EE7-8839-74954DDF827F}.Release|Any CPU.ActiveCfg = Release|Any CPU
		{67EF42A6-E9A9-4EE7-8839-74954DDF827F}.Release|Any CPU.Build.0 = Release|Any CPU
		{5D5B4150-9D65-4439-982B-A35A6CA47FE2}.Debug|Any CPU.ActiveCfg = Debug|Any CPU
		{5D5B4150-9D65-4439-982B-A35A6CA47FE2}.Debug|Any CPU.Build.0 = Debug|Any CPU
		{5D5B4150-9D65-4439-982B-A35A6CA47FE2}.Release|Any CPU.ActiveCfg = Release|Any CPU
		{5D5B4150-9D65-4439-982B-A35A6CA47FE2}.Release|Any CPU.Build.0 = Release|Any CPU
		{5F358751-494E-43A4-A705-F5F94464F4E9}.Debug|Any CPU.ActiveCfg = Debug|Any CPU
		{5F358751-494E-43A4-A705-F5F94464F4E9}.Debug|Any CPU.Build.0 = Debug|Any CPU
		{5F358751-494E-43A4-A705-F5F94464F4E9}.Release|Any CPU.ActiveCfg = Release|Any CPU
		{5F358751-494E-43A4-A705-F5F94464F4E9}.Release|Any CPU.Build.0 = Release|Any CPU
	EndGlobalSection
	GlobalSection(SolutionProperties) = preSolution
		HideSolutionNode = FALSE
	EndGlobalSection
	GlobalSection(ExtensibilityGlobals) = postSolution
		SolutionGuid = {507A01B1-A80F-4931-80DB-F7D124801CB2}
	EndGlobalSection
EndGlobal
